
Microsoft Visual Studio Solution File, Format Version 12.00
# Visual Studio 15
VisualStudioVersion = 15.0.27130.2027
MinimumVisualStudioVersion = 10.0.40219.1
Project("{FAE04EC0-301F-11D3-BF4B-00C04F79EFBC}") = "RGBFusionTool", "RGBFusionTool\RGBFusionTool.csproj", "{0050F000-3212-4E50-81C5-8B6D068F2E62}"
EndProject
Project("{FAE04EC0-301F-11D3-BF4B-00C04F79EFBC}") = "GLedApiDotNet", "GLedApiDotNet\GLedApiDotNet.csproj", "{8F12301F-EC86-4A76-A6A1-AE3EE0A2945B}"
EndProject
Project("{FAE04EC0-301F-11D3-BF4B-00C04F79EFBC}") = "GLedApiDotNet.Tests", "GLedApiDotNet.Tests\GLedApiDotNet.Tests.csproj", "{0B2F3C9F-50A2-4F94-B6B3-6A2418E7DA2F}"
EndProject
Project("{FAE04EC0-301F-11D3-BF4B-00C04F79EFBC}") = "RGBFusionTool.Tests", "RGBFusionTool.Tests\RGBFusionTool.Tests.csproj", "{FD3F35DA-41D4-48B3-AF52-E5F4A2CAC01B}"
EndProject
Project("{FAE04EC0-301F-11D3-BF4B-00C04F79EFBC}") = "GvLedLibDotNet", "GvLedLibDotNet\GvLedLibDotNet.csproj", "{D3F7C789-08CF-4E6C-B290-9AEC655DDE37}"
EndProject
Project("{FAE04EC0-301F-11D3-BF4B-00C04F79EFBC}") = "GvLedLibDotNet.Tests", "GvLedLibDotNet.Tests\GvLedLibDotNet.Tests.csproj", "{60AB5CE8-3777-49A1-9C5D-144A5B8EC59A}"
EndProject
Global
	GlobalSection(SolutionConfigurationPlatforms) = preSolution
		Debug|Any CPU = Debug|Any CPU
		Release|Any CPU = Release|Any CPU
	EndGlobalSection
	GlobalSection(ProjectConfigurationPlatforms) = postSolution
		{0050F000-3212-4E50-81C5-8B6D068F2E62}.Debug|Any CPU.ActiveCfg = Debug|Any CPU
		{0050F000-3212-4E50-81C5-8B6D068F2E62}.Debug|Any CPU.Build.0 = Debug|Any CPU
		{0050F000-3212-4E50-81C5-8B6D068F2E62}.Release|Any CPU.ActiveCfg = Release|Any CPU
		{0050F000-3212-4E50-81C5-8B6D068F2E62}.Release|Any CPU.Build.0 = Release|Any CPU
		{8F12301F-EC86-4A76-A6A1-AE3EE0A2945B}.Debug|Any CPU.ActiveCfg = Debug|Any CPU
		{8F12301F-EC86-4A76-A6A1-AE3EE0A2945B}.Debug|Any CPU.Build.0 = Debug|Any CPU
		{8F12301F-EC86-4A76-A6A1-AE3EE0A2945B}.Release|Any CPU.ActiveCfg = Release|Any CPU
		{8F12301F-EC86-4A76-A6A1-AE3EE0A2945B}.Release|Any CPU.Build.0 = Release|Any CPU
		{0B2F3C9F-50A2-4F94-B6B3-6A2418E7DA2F}.Debug|Any CPU.ActiveCfg = Debug|Any CPU
		{0B2F3C9F-50A2-4F94-B6B3-6A2418E7DA2F}.Debug|Any CPU.Build.0 = Debug|Any CPU
		{0B2F3C9F-50A2-4F94-B6B3-6A2418E7DA2F}.Release|Any CPU.ActiveCfg = Release|Any CPU
		{0B2F3C9F-50A2-4F94-B6B3-6A2418E7DA2F}.Release|Any CPU.Build.0 = Release|Any CPU
		{FD3F35DA-41D4-48B3-AF52-E5F4A2CAC01B}.Debug|Any CPU.ActiveCfg = Debug|Any CPU
		{FD3F35DA-41D4-48B3-AF52-E5F4A2CAC01B}.Debug|Any CPU.Build.0 = Debug|Any CPU
		{FD3F35DA-41D4-48B3-AF52-E5F4A2CAC01B}.Release|Any CPU.ActiveCfg = Release|Any CPU
		{FD3F35DA-41D4-48B3-AF52-E5F4A2CAC01B}.Release|Any CPU.Build.0 = Release|Any CPU
		{D3F7C789-08CF-4E6C-B290-9AEC655DDE37}.Debug|Any CPU.ActiveCfg = Debug|Any CPU
		{D3F7C789-08CF-4E6C-B290-9AEC655DDE37}.Debug|Any CPU.Build.0 = Debug|Any CPU
		{D3F7C789-08CF-4E6C-B290-9AEC655DDE37}.Release|Any CPU.ActiveCfg = Release|Any CPU
		{D3F7C789-08CF-4E6C-B290-9AEC655DDE37}.Release|Any CPU.Build.0 = Release|Any CPU
		{60AB5CE8-3777-49A1-9C5D-144A5B8EC59A}.Debug|Any CPU.ActiveCfg = Debug|Any CPU
		{60AB5CE8-3777-49A1-9C5D-144A5B8EC59A}.Debug|Any CPU.Build.0 = Debug|Any CPU
		{60AB5CE8-3777-49A1-9C5D-144A5B8EC59A}.Release|Any CPU.ActiveCfg = Release|Any CPU
		{60AB5CE8-3777-49A1-9C5D-144A5B8EC59A}.Release|Any CPU.Build.0 = Release|Any CPU
	EndGlobalSection
	GlobalSection(SolutionProperties) = preSolution
		HideSolutionNode = FALSE
	EndGlobalSection
	GlobalSection(ExtensibilityGlobals) = postSolution
		SolutionGuid = {E82DBC54-B838-460F-B735-E8B4FE77A164}
	EndGlobalSection
EndGlobal
