
Microsoft Visual Studio Solution File, Format Version 12.00
# Visual Studio 15
VisualStudioVersion = 15.0.26124.0
MinimumVisualStudioVersion = 15.0.26124.0
Project("{FAE04EC0-301F-11D3-BF4B-00C04F79EFBC}") = "RGBFusionTool", "RGBFusionTool\RGBFusionTool.csproj", "{A1B077EF-5F83-46E4-A021-3DD7B269BB52}"
EndProject
Project("{FAE04EC0-301F-11D3-BF4B-00C04F79EFBC}") = "RGBFusionTool.Tests", "RGBFusionTool.Tests\RGBFusionTool.Tests.csproj", "{6E22222A-A031-40F9-9856-B2D0AE8EB1D2}"
EndProject
Project("{FAE04EC0-301F-11D3-BF4B-00C04F79EFBC}") = "GLedApiDotNet", "GLedApiDotNet\GLedApiDotNet.csproj", "{D9957C5C-6060-4180-A6BD-FDDE1967891C}"
EndProject
Project("{FAE04EC0-301F-11D3-BF4B-00C04F79EFBC}") = "GLedApiDotNet.Tests", "GLedApiDotNet.Tests\GLedApiDotNet.Tests.csproj", "{89456563-EB74-4498-9E48-5197139D9188}"
EndProject
Project("{FAE04EC0-301F-11D3-BF4B-00C04F79EFBC}") = "GvLedLibDotNet", "GvLedLibDotNet\GvLedLibDotNet.csproj", "{2524BBDB-5B3D-434C-98ED-AC54973121F2}"
EndProject
Project("{FAE04EC0-301F-11D3-BF4B-00C04F79EFBC}") = "GvLedLibDotNet.Tests", "GvLedLibDotNet.Tests\GvLedLibDotNet.Tests.csproj", "{630C60F0-8D01-4FB9-B719-AA2087C49A89}"
EndProject
Global
	GlobalSection(SolutionConfigurationPlatforms) = preSolution
		Debug|x86 = Debug|x86
		Release|x86 = Release|x86
	EndGlobalSection
	GlobalSection(SolutionProperties) = preSolution
		HideSolutionNode = FALSE
	EndGlobalSection
	GlobalSection(ProjectConfigurationPlatforms) = postSolution
		{A1B077EF-5F83-46E4-A021-3DD7B269BB52}.Debug|x86.ActiveCfg = Debug|x86
		{A1B077EF-5F83-46E4-A021-3DD7B269BB52}.Debug|x86.Build.0 = Debug|x86
		{A1B077EF-5F83-46E4-A021-3DD7B269BB52}.Release|x86.ActiveCfg = Release|x86
		{A1B077EF-5F83-46E4-A021-3DD7B269BB52}.Release|x86.Build.0 = Release|x86
		{6E22222A-A031-40F9-9856-B2D0AE8EB1D2}.Debug|x86.ActiveCfg = Debug|x86
		{6E22222A-A031-40F9-9856-B2D0AE8EB1D2}.Debug|x86.Build.0 = Debug|x86
		{6E22222A-A031-40F9-9856-B2D0AE8EB1D2}.Release|x86.ActiveCfg = Release|x86
		{6E22222A-A031-40F9-9856-B2D0AE8EB1D2}.Release|x86.Build.0 = Release|x86
		{D9957C5C-6060-4180-A6BD-FDDE1967891C}.Debug|x86.ActiveCfg = Debug|x86
		{D9957C5C-6060-4180-A6BD-FDDE1967891C}.Debug|x86.Build.0 = Debug|x86
		{D9957C5C-6060-4180-A6BD-FDDE1967891C}.Release|x86.ActiveCfg = Release|x86
		{D9957C5C-6060-4180-A6BD-FDDE1967891C}.Release|x86.Build.0 = Release|x86
		{89456563-EB74-4498-9E48-5197139D9188}.Debug|x86.ActiveCfg = Debug|x86
		{89456563-EB74-4498-9E48-5197139D9188}.Debug|x86.Build.0 = Debug|x86
		{89456563-EB74-4498-9E48-5197139D9188}.Release|x86.ActiveCfg = Release|x86
		{89456563-EB74-4498-9E48-5197139D9188}.Release|x86.Build.0 = Release|x86
		{2524BBDB-5B3D-434C-98ED-AC54973121F2}.Debug|x86.ActiveCfg = Debug|x86
		{2524BBDB-5B3D-434C-98ED-AC54973121F2}.Debug|x86.Build.0 = Debug|x86
		{2524BBDB-5B3D-434C-98ED-AC54973121F2}.Release|x86.ActiveCfg = Release|x86
		{2524BBDB-5B3D-434C-98ED-AC54973121F2}.Release|x86.Build.0 = Release|x86
		{630C60F0-8D01-4FB9-B719-AA2087C49A89}.Debug|x86.ActiveCfg = Debug|x86
		{630C60F0-8D01-4FB9-B719-AA2087C49A89}.Debug|x86.Build.0 = Debug|x86
		{630C60F0-8D01-4FB9-B719-AA2087C49A89}.Release|x86.ActiveCfg = Release|x86
		{630C60F0-8D01-4FB9-B719-AA2087C49A89}.Release|x86.Build.0 = Release|x86
	EndGlobalSection
EndGlobal
